
Microsoft Visual Studio Solution File, Format Version 12.00
# Visual Studio Version 17
VisualStudioVersion = 17.4.33110.190
MinimumVisualStudioVersion = 10.0.40219.1
Project("{FAE04EC0-301F-11D3-BF4B-00C04F79EFBC}") = "PizzaFactoryOOP", "PizzaFactoryOOP\PizzaFactoryOOP.csproj", "{1BD4DFBB-4DCF-4476-B770-B89FD735F80F}"
EndProject
Global
	GlobalSection(SolutionConfigurationPlatforms) = preSolution
		Debug|Any CPU = Debug|Any CPU
		Release|Any CPU = Release|Any CPU
	EndGlobalSection
	GlobalSection(ProjectConfigurationPlatforms) = postSolution
		{1BD4DFBB-4DCF-4476-B770-B89FD735F80F}.Debug|Any CPU.ActiveCfg = Debug|Any CPU
		{1BD4DFBB-4DCF-4476-B770-B89FD735F80F}.Debug|Any CPU.Build.0 = Debug|Any CPU
		{1BD4DFBB-4DCF-4476-B770-B89FD735F80F}.Release|Any CPU.ActiveCfg = Release|Any CPU
		{1BD4DFBB-4DCF-4476-B770-B89FD735F80F}.Release|Any CPU.Build.0 = Release|Any CPU
	EndGlobalSection
	GlobalSection(SolutionProperties) = preSolution
		HideSolutionNode = FALSE
	EndGlobalSection
	GlobalSection(ExtensibilityGlobals) = postSolution
		SolutionGuid = {FD9D8255-76CE-42FD-99EA-AFAFA327E75A}
	EndGlobalSection
EndGlobal
